
Microsoft Visual Studio Solution File, Format Version 12.00
# Visual Studio 15
VisualStudioVersion = 15.0.28307.1145
MinimumVisualStudioVersion = 10.0.40219.1
Project("{FAE04EC0-301F-11D3-BF4B-00C04F79EFBC}") = "LandsXamarin.Android", "LandsXamarin\LandsXamarin.Android\LandsXamarin.Android.csproj", "{F6C39917-5C27-4D6E-8B64-8A52D34CBC88}"
EndProject
Project("{FAE04EC0-301F-11D3-BF4B-00C04F79EFBC}") = "LandsXamarin.iOS", "LandsXamarin\LandsXamarin.iOS\LandsXamarin.iOS.csproj", "{D8F828F7-C516-4966-9A45-3CF4E91246EC}"
EndProject
Project("{FAE04EC0-301F-11D3-BF4B-00C04F79EFBC}") = "LandsXamarin.UWP", "LandsXamarin\LandsXamarin.UWP\LandsXamarin.UWP.csproj", "{27DCFB5D-01AB-4492-AFD2-EE7252BA2ED7}"
EndProject
Project("{9A19103F-16F7-4668-BE54-9A1E7A4F7556}") = "LandsXamarin", "LandsXamarin\LandsXamarin\LandsXamarin.csproj", "{191C6EB8-FCEF-4E5C-98E5-862A0555B2B4}"
EndProject
Global
	GlobalSection(SolutionConfigurationPlatforms) = preSolution
		Ad-Hoc|Any CPU = Ad-Hoc|Any CPU
		Ad-Hoc|ARM = Ad-Hoc|ARM
		Ad-Hoc|iPhone = Ad-Hoc|iPhone
		Ad-Hoc|iPhoneSimulator = Ad-Hoc|iPhoneSimulator
		Ad-Hoc|x64 = Ad-Hoc|x64
		Ad-Hoc|x86 = Ad-Hoc|x86
		AppStore|Any CPU = AppStore|Any CPU
		AppStore|ARM = AppStore|ARM
		AppStore|iPhone = AppStore|iPhone
		AppStore|iPhoneSimulator = AppStore|iPhoneSimulator
		AppStore|x64 = AppStore|x64
		AppStore|x86 = AppStore|x86
		Debug|Any CPU = Debug|Any CPU
		Debug|ARM = Debug|ARM
		Debug|iPhone = Debug|iPhone
		Debug|iPhoneSimulator = Debug|iPhoneSimulator
		Debug|x64 = Debug|x64
		Debug|x86 = Debug|x86
		Release|Any CPU = Release|Any CPU
		Release|ARM = Release|ARM
		Release|iPhone = Release|iPhone
		Release|iPhoneSimulator = Release|iPhoneSimulator
		Release|x64 = Release|x64
		Release|x86 = Release|x86
	EndGlobalSection
	GlobalSection(ProjectConfigurationPlatforms) = postSolution
		{F6C39917-5C27-4D6E-8B64-8A52D34CBC88}.Ad-Hoc|Any CPU.ActiveCfg = Release|Any CPU
		{F6C39917-5C27-4D6E-8B64-8A52D34CBC88}.Ad-Hoc|Any CPU.Build.0 = Release|Any CPU
		{F6C39917-5C27-4D6E-8B64-8A52D34CBC88}.Ad-Hoc|Any CPU.Deploy.0 = Release|Any CPU
		{F6C39917-5C27-4D6E-8B64-8A52D34CBC88}.Ad-Hoc|ARM.ActiveCfg = Release|Any CPU
		{F6C39917-5C27-4D6E-8B64-8A52D34CBC88}.Ad-Hoc|ARM.Build.0 = Release|Any CPU
		{F6C39917-5C27-4D6E-8B64-8A52D34CBC88}.Ad-Hoc|ARM.Deploy.0 = Release|Any CPU
		{F6C39917-5C27-4D6E-8B64-8A52D34CBC88}.Ad-Hoc|iPhone.ActiveCfg = Release|Any CPU
		{F6C39917-5C27-4D6E-8B64-8A52D34CBC88}.Ad-Hoc|iPhone.Build.0 = Release|Any CPU
		{F6C39917-5C27-4D6E-8B64-8A52D34CBC88}.Ad-Hoc|iPhone.Deploy.0 = Release|Any CPU
		{F6C39917-5C27-4D6E-8B64-8A52D34CBC88}.Ad-Hoc|iPhoneSimulator.ActiveCfg = Release|Any CPU
		{F6C39917-5C27-4D6E-8B64-8A52D34CBC88}.Ad-Hoc|iPhoneSimulator.Build.0 = Release|Any CPU
		{F6C39917-5C27-4D6E-8B64-8A52D34CBC88}.Ad-Hoc|iPhoneSimulator.Deploy.0 = Release|Any CPU
		{F6C39917-5C27-4D6E-8B64-8A52D34CBC88}.Ad-Hoc|x64.ActiveCfg = Release|Any CPU
		{F6C39917-5C27-4D6E-8B64-8A52D34CBC88}.Ad-Hoc|x64.Build.0 = Release|Any CPU
		{F6C39917-5C27-4D6E-8B64-8A52D34CBC88}.Ad-Hoc|x64.Deploy.0 = Release|Any CPU
		{F6C39917-5C27-4D6E-8B64-8A52D34CBC88}.Ad-Hoc|x86.ActiveCfg = Release|Any CPU
		{F6C39917-5C27-4D6E-8B64-8A52D34CBC88}.Ad-Hoc|x86.Build.0 = Release|Any CPU
		{F6C39917-5C27-4D6E-8B64-8A52D34CBC88}.Ad-Hoc|x86.Deploy.0 = Release|Any CPU
		{F6C39917-5C27-4D6E-8B64-8A52D34CBC88}.AppStore|Any CPU.ActiveCfg = Release|Any CPU
		{F6C39917-5C27-4D6E-8B64-8A52D34CBC88}.AppStore|Any CPU.Build.0 = Release|Any CPU
		{F6C39917-5C27-4D6E-8B64-8A52D34CBC88}.AppStore|Any CPU.Deploy.0 = Release|Any CPU
		{F6C39917-5C27-4D6E-8B64-8A52D34CBC88}.AppStore|ARM.ActiveCfg = Release|Any CPU
		{F6C39917-5C27-4D6E-8B64-8A52D34CBC88}.AppStore|ARM.Build.0 = Release|Any CPU
		{F6C39917-5C27-4D6E-8B64-8A52D34CBC88}.AppStore|ARM.Deploy.0 = Release|Any CPU
		{F6C39917-5C27-4D6E-8B64-8A52D34CBC88}.AppStore|iPhone.ActiveCfg = Release|Any CPU
		{F6C39917-5C27-4D6E-8B64-8A52D34CBC88}.AppStore|iPhone.Build.0 = Release|Any CPU
		{F6C39917-5C27-4D6E-8B64-8A52D34CBC88}.AppStore|iPhone.Deploy.0 = Release|Any CPU
		{F6C39917-5C27-4D6E-8B64-8A52D34CBC88}.AppStore|iPhoneSimulator.ActiveCfg = Release|Any CPU
		{F6C39917-5C27-4D6E-8B64-8A52D34CBC88}.AppStore|iPhoneSimulator.Build.0 = Release|Any CPU
		{F6C39917-5C27-4D6E-8B64-8A52D34CBC88}.AppStore|iPhoneSimulator.Deploy.0 = Release|Any CPU
		{F6C39917-5C27-4D6E-8B64-8A52D34CBC88}.AppStore|x64.ActiveCfg = Release|Any CPU
		{F6C39917-5C27-4D6E-8B64-8A52D34CBC88}.AppStore|x64.Build.0 = Release|Any CPU
		{F6C39917-5C27-4D6E-8B64-8A52D34CBC88}.AppStore|x64.Deploy.0 = Release|Any CPU
		{F6C39917-5C27-4D6E-8B64-8A52D34CBC88}.AppStore|x86.ActiveCfg = Release|Any CPU
		{F6C39917-5C27-4D6E-8B64-8A52D34CBC88}.AppStore|x86.Build.0 = Release|Any CPU
		{F6C39917-5C27-4D6E-8B64-8A52D34CBC88}.AppStore|x86.Deploy.0 = Release|Any CPU
		{F6C39917-5C27-4D6E-8B64-8A52D34CBC88}.Debug|Any CPU.ActiveCfg = Debug|Any CPU
		{F6C39917-5C27-4D6E-8B64-8A52D34CBC88}.Debug|Any CPU.Build.0 = Debug|Any CPU
		{F6C39917-5C27-4D6E-8B64-8A52D34CBC88}.Debug|Any CPU.Deploy.0 = Debug|Any CPU
		{F6C39917-5C27-4D6E-8B64-8A52D34CBC88}.Debug|ARM.ActiveCfg = Debug|Any CPU
		{F6C39917-5C27-4D6E-8B64-8A52D34CBC88}.Debug|ARM.Build.0 = Debug|Any CPU
		{F6C39917-5C27-4D6E-8B64-8A52D34CBC88}.Debug|ARM.Deploy.0 = Debug|Any CPU
		{F6C39917-5C27-4D6E-8B64-8A52D34CBC88}.Debug|iPhone.ActiveCfg = Debug|Any CPU
		{F6C39917-5C27-4D6E-8B64-8A52D34CBC88}.Debug|iPhone.Build.0 = Debug|Any CPU
		{F6C39917-5C27-4D6E-8B64-8A52D34CBC88}.Debug|iPhone.Deploy.0 = Debug|Any CPU
		{F6C39917-5C27-4D6E-8B64-8A52D34CBC88}.Debug|iPhoneSimulator.ActiveCfg = Debug|Any CPU
		{F6C39917-5C27-4D6E-8B64-8A52D34CBC88}.Debug|iPhoneSimulator.Build.0 = Debug|Any CPU
		{F6C39917-5C27-4D6E-8B64-8A52D34CBC88}.Debug|iPhoneSimulator.Deploy.0 = Debug|Any CPU
		{F6C39917-5C27-4D6E-8B64-8A52D34CBC88}.Debug|x64.ActiveCfg = Debug|Any CPU
		{F6C39917-5C27-4D6E-8B64-8A52D34CBC88}.Debug|x64.Build.0 = Debug|Any CPU
		{F6C39917-5C27-4D6E-8B64-8A52D34CBC88}.Debug|x64.Deploy.0 = Debug|Any CPU
		{F6C39917-5C27-4D6E-8B64-8A52D34CBC88}.Debug|x86.ActiveCfg = Debug|Any CPU
		{F6C39917-5C27-4D6E-8B64-8A52D34CBC88}.Debug|x86.Build.0 = Debug|Any CPU
		{F6C39917-5C27-4D6E-8B64-8A52D34CBC88}.Debug|x86.Deploy.0 = Debug|Any CPU
		{F6C39917-5C27-4D6E-8B64-8A52D34CBC88}.Release|Any CPU.ActiveCfg = Release|Any CPU
		{F6C39917-5C27-4D6E-8B64-8A52D34CBC88}.Release|Any CPU.Build.0 = Release|Any CPU
		{F6C39917-5C27-4D6E-8B64-8A52D34CBC88}.Release|Any CPU.Deploy.0 = Release|Any CPU
		{F6C39917-5C27-4D6E-8B64-8A52D34CBC88}.Release|ARM.ActiveCfg = Release|Any CPU
		{F6C39917-5C27-4D6E-8B64-8A52D34CBC88}.Release|ARM.Build.0 = Release|Any CPU
		{F6C39917-5C27-4D6E-8B64-8A52D34CBC88}.Release|ARM.Deploy.0 = Release|Any CPU
		{F6C39917-5C27-4D6E-8B64-8A52D34CBC88}.Release|iPhone.ActiveCfg = Release|Any CPU
		{F6C39917-5C27-4D6E-8B64-8A52D34CBC88}.Release|iPhone.Build.0 = Release|Any CPU
		{F6C39917-5C27-4D6E-8B64-8A52D34CBC88}.Release|iPhone.Deploy.0 = Release|Any CPU
		{F6C39917-5C27-4D6E-8B64-8A52D34CBC88}.Release|iPhoneSimulator.ActiveCfg = Release|Any CPU
		{F6C39917-5C27-4D6E-8B64-8A52D34CBC88}.Release|iPhoneSimulator.Build.0 = Release|Any CPU
		{F6C39917-5C27-4D6E-8B64-8A52D34CBC88}.Release|iPhoneSimulator.Deploy.0 = Release|Any CPU
		{F6C39917-5C27-4D6E-8B64-8A52D34CBC88}.Release|x64.ActiveCfg = Release|Any CPU
		{F6C39917-5C27-4D6E-8B64-8A52D34CBC88}.Release|x64.Build.0 = Release|Any CPU
		{F6C39917-5C27-4D6E-8B64-8A52D34CBC88}.Release|x64.Deploy.0 = Release|Any CPU
		{F6C39917-5C27-4D6E-8B64-8A52D34CBC88}.Release|x86.ActiveCfg = Release|Any CPU
		{F6C39917-5C27-4D6E-8B64-8A52D34CBC88}.Release|x86.Build.0 = Release|Any CPU
		{F6C39917-5C27-4D6E-8B64-8A52D34CBC88}.Release|x86.Deploy.0 = Release|Any CPU
		{D8F828F7-C516-4966-9A45-3CF4E91246EC}.Ad-Hoc|Any CPU.ActiveCfg = Ad-Hoc|iPhone
		{D8F828F7-C516-4966-9A45-3CF4E91246EC}.Ad-Hoc|Any CPU.Build.0 = Ad-Hoc|iPhone
		{D8F828F7-C516-4966-9A45-3CF4E91246EC}.Ad-Hoc|Any CPU.Deploy.0 = Ad-Hoc|iPhone
		{D8F828F7-C516-4966-9A45-3CF4E91246EC}.Ad-Hoc|ARM.ActiveCfg = Ad-Hoc|iPhone
		{D8F828F7-C516-4966-9A45-3CF4E91246EC}.Ad-Hoc|ARM.Build.0 = Ad-Hoc|iPhone
		{D8F828F7-C516-4966-9A45-3CF4E91246EC}.Ad-Hoc|ARM.Deploy.0 = Ad-Hoc|iPhone
		{D8F828F7-C516-4966-9A45-3CF4E91246EC}.Ad-Hoc|iPhone.ActiveCfg = Ad-Hoc|iPhone
		{D8F828F7-C516-4966-9A45-3CF4E91246EC}.Ad-Hoc|iPhone.Build.0 = Ad-Hoc|iPhone
		{D8F828F7-C516-4966-9A45-3CF4E91246EC}.Ad-Hoc|iPhone.Deploy.0 = Ad-Hoc|iPhone
		{D8F828F7-C516-4966-9A45-3CF4E91246EC}.Ad-Hoc|iPhoneSimulator.ActiveCfg = Ad-Hoc|iPhoneSimulator
		{D8F828F7-C516-4966-9A45-3CF4E91246EC}.Ad-Hoc|iPhoneSimulator.Build.0 = Ad-Hoc|iPhoneSimulator
		{D8F828F7-C516-4966-9A45-3CF4E91246EC}.Ad-Hoc|iPhoneSimulator.Deploy.0 = Ad-Hoc|iPhoneSimulator
		{D8F828F7-C516-4966-9A45-3CF4E91246EC}.Ad-Hoc|x64.ActiveCfg = Ad-Hoc|iPhone
		{D8F828F7-C516-4966-9A45-3CF4E91246EC}.Ad-Hoc|x64.Build.0 = Ad-Hoc|iPhone
		{D8F828F7-C516-4966-9A45-3CF4E91246EC}.Ad-Hoc|x64.Deploy.0 = Ad-Hoc|iPhone
		{D8F828F7-C516-4966-9A45-3CF4E91246EC}.Ad-Hoc|x86.ActiveCfg = Ad-Hoc|iPhone
		{D8F828F7-C516-4966-9A45-3CF4E91246EC}.Ad-Hoc|x86.Build.0 = Ad-Hoc|iPhone
		{D8F828F7-C516-4966-9A45-3CF4E91246EC}.Ad-Hoc|x86.Deploy.0 = Ad-Hoc|iPhone
		{D8F828F7-C516-4966-9A45-3CF4E91246EC}.AppStore|Any CPU.ActiveCfg = AppStore|iPhone
		{D8F828F7-C516-4966-9A45-3CF4E91246EC}.AppStore|Any CPU.Build.0 = AppStore|iPhone
		{D8F828F7-C516-4966-9A45-3CF4E91246EC}.AppStore|Any CPU.Deploy.0 = AppStore|iPhone
		{D8F828F7-C516-4966-9A45-3CF4E91246EC}.AppStore|ARM.ActiveCfg = AppStore|iPhone
		{D8F828F7-C516-4966-9A45-3CF4E91246EC}.AppStore|ARM.Build.0 = AppStore|iPhone
		{D8F828F7-C516-4966-9A45-3CF4E91246EC}.AppStore|ARM.Deploy.0 = AppStore|iPhone
		{D8F828F7-C516-4966-9A45-3CF4E91246EC}.AppStore|iPhone.ActiveCfg = AppStore|iPhone
		{D8F828F7-C516-4966-9A45-3CF4E91246EC}.AppStore|iPhone.Build.0 = AppStore|iPhone
		{D8F828F7-C516-4966-9A45-3CF4E91246EC}.AppStore|iPhone.Deploy.0 = AppStore|iPhone
		{D8F828F7-C516-4966-9A45-3CF4E91246EC}.AppStore|iPhoneSimulator.ActiveCfg = AppStore|iPhoneSimulator
		{D8F828F7-C516-4966-9A45-3CF4E91246EC}.AppStore|iPhoneSimulator.Build.0 = AppStore|iPhoneSimulator
		{D8F828F7-C516-4966-9A45-3CF4E91246EC}.AppStore|iPhoneSimulator.Deploy.0 = AppStore|iPhoneSimulator
		{D8F828F7-C516-4966-9A45-3CF4E91246EC}.AppStore|x64.ActiveCfg = AppStore|iPhone
		{D8F828F7-C516-4966-9A45-3CF4E91246EC}.AppStore|x64.Build.0 = AppStore|iPhone
		{D8F828F7-C516-4966-9A45-3CF4E91246EC}.AppStore|x64.Deploy.0 = AppStore|iPhone
		{D8F828F7-C516-4966-9A45-3CF4E91246EC}.AppStore|x86.ActiveCfg = AppStore|iPhone
		{D8F828F7-C516-4966-9A45-3CF4E91246EC}.AppStore|x86.Build.0 = AppStore|iPhone
		{D8F828F7-C516-4966-9A45-3CF4E91246EC}.AppStore|x86.Deploy.0 = AppStore|iPhone
		{D8F828F7-C516-4966-9A45-3CF4E91246EC}.Debug|Any CPU.ActiveCfg = Debug|iPhoneSimulator
		{D8F828F7-C516-4966-9A45-3CF4E91246EC}.Debug|Any CPU.Deploy.0 = Debug|iPhoneSimulator
		{D8F828F7-C516-4966-9A45-3CF4E91246EC}.Debug|ARM.ActiveCfg = Debug|iPhone
		{D8F828F7-C516-4966-9A45-3CF4E91246EC}.Debug|ARM.Build.0 = Debug|iPhone
		{D8F828F7-C516-4966-9A45-3CF4E91246EC}.Debug|ARM.Deploy.0 = Debug|iPhone
		{D8F828F7-C516-4966-9A45-3CF4E91246EC}.Debug|iPhone.ActiveCfg = Debug|iPhone
		{D8F828F7-C516-4966-9A45-3CF4E91246EC}.Debug|iPhone.Build.0 = Debug|iPhone
		{D8F828F7-C516-4966-9A45-3CF4E91246EC}.Debug|iPhone.Deploy.0 = Debug|iPhone
		{D8F828F7-C516-4966-9A45-3CF4E91246EC}.Debug|iPhoneSimulator.ActiveCfg = Debug|iPhoneSimulator
		{D8F828F7-C516-4966-9A45-3CF4E91246EC}.Debug|iPhoneSimulator.Build.0 = Debug|iPhoneSimulator
		{D8F828F7-C516-4966-9A45-3CF4E91246EC}.Debug|iPhoneSimulator.Deploy.0 = Debug|iPhoneSimulator
		{D8F828F7-C516-4966-9A45-3CF4E91246EC}.Debug|x64.ActiveCfg = Debug|iPhone
		{D8F828F7-C516-4966-9A45-3CF4E91246EC}.Debug|x64.Build.0 = Debug|iPhone
		{D8F828F7-C516-4966-9A45-3CF4E91246EC}.Debug|x64.Deploy.0 = Debug|iPhone
		{D8F828F7-C516-4966-9A45-3CF4E91246EC}.Debug|x86.ActiveCfg = Debug|iPhone
		{D8F828F7-C516-4966-9A45-3CF4E91246EC}.Debug|x86.Build.0 = Debug|iPhone
		{D8F828F7-C516-4966-9A45-3CF4E91246EC}.Debug|x86.Deploy.0 = Debug|iPhone
		{D8F828F7-C516-4966-9A45-3CF4E91246EC}.Release|Any CPU.ActiveCfg = Release|iPhone
		{D8F828F7-C516-4966-9A45-3CF4E91246EC}.Release|Any CPU.Build.0 = Release|iPhone
		{D8F828F7-C516-4966-9A45-3CF4E91246EC}.Release|Any CPU.Deploy.0 = Release|iPhone
		{D8F828F7-C516-4966-9A45-3CF4E91246EC}.Release|ARM.ActiveCfg = Release|iPhone
		{D8F828F7-C516-4966-9A45-3CF4E91246EC}.Release|ARM.Build.0 = Release|iPhone
		{D8F828F7-C516-4966-9A45-3CF4E91246EC}.Release|ARM.Deploy.0 = Release|iPhone
		{D8F828F7-C516-4966-9A45-3CF4E91246EC}.Release|iPhone.ActiveCfg = Release|iPhone
		{D8F828F7-C516-4966-9A45-3CF4E91246EC}.Release|iPhone.Build.0 = Release|iPhone
		{D8F828F7-C516-4966-9A45-3CF4E91246EC}.Release|iPhone.Deploy.0 = Release|iPhone
		{D8F828F7-C516-4966-9A45-3CF4E91246EC}.Release|iPhoneSimulator.ActiveCfg = Release|iPhoneSimulator
		{D8F828F7-C516-4966-9A45-3CF4E91246EC}.Release|iPhoneSimulator.Build.0 = Release|iPhoneSimulator
		{D8F828F7-C516-4966-9A45-3CF4E91246EC}.Release|iPhoneSimulator.Deploy.0 = Release|iPhoneSimulator
		{D8F828F7-C516-4966-9A45-3CF4E91246EC}.Release|x64.ActiveCfg = Release|iPhone
		{D8F828F7-C516-4966-9A45-3CF4E91246EC}.Release|x64.Build.0 = Release|iPhone
		{D8F828F7-C516-4966-9A45-3CF4E91246EC}.Release|x64.Deploy.0 = Release|iPhone
		{D8F828F7-C516-4966-9A45-3CF4E91246EC}.Release|x86.ActiveCfg = Release|iPhone
		{D8F828F7-C516-4966-9A45-3CF4E91246EC}.Release|x86.Build.0 = Release|iPhone
		{D8F828F7-C516-4966-9A45-3CF4E91246EC}.Release|x86.Deploy.0 = Release|iPhone
		{27DCFB5D-01AB-4492-AFD2-EE7252BA2ED7}.Ad-Hoc|Any CPU.ActiveCfg = Release|x86
		{27DCFB5D-01AB-4492-AFD2-EE7252BA2ED7}.Ad-Hoc|Any CPU.Build.0 = Release|x86
		{27DCFB5D-01AB-4492-AFD2-EE7252BA2ED7}.Ad-Hoc|Any CPU.Deploy.0 = Release|x86
		{27DCFB5D-01AB-4492-AFD2-EE7252BA2ED7}.Ad-Hoc|ARM.ActiveCfg = Release|ARM
		{27DCFB5D-01AB-4492-AFD2-EE7252BA2ED7}.Ad-Hoc|ARM.Build.0 = Release|ARM
		{27DCFB5D-01AB-4492-AFD2-EE7252BA2ED7}.Ad-Hoc|ARM.Deploy.0 = Release|ARM
		{27DCFB5D-01AB-4492-AFD2-EE7252BA2ED7}.Ad-Hoc|iPhone.ActiveCfg = Release|x86
		{27DCFB5D-01AB-4492-AFD2-EE7252BA2ED7}.Ad-Hoc|iPhone.Build.0 = Release|x86
		{27DCFB5D-01AB-4492-AFD2-EE7252BA2ED7}.Ad-Hoc|iPhone.Deploy.0 = Release|x86
		{27DCFB5D-01AB-4492-AFD2-EE7252BA2ED7}.Ad-Hoc|iPhoneSimulator.ActiveCfg = Release|x86
		{27DCFB5D-01AB-4492-AFD2-EE7252BA2ED7}.Ad-Hoc|iPhoneSimulator.Build.0 = Release|x86
		{27DCFB5D-01AB-4492-AFD2-EE7252BA2ED7}.Ad-Hoc|iPhoneSimulator.Deploy.0 = Release|x86
		{27DCFB5D-01AB-4492-AFD2-EE7252BA2ED7}.Ad-Hoc|x64.ActiveCfg = Release|x64
		{27DCFB5D-01AB-4492-AFD2-EE7252BA2ED7}.Ad-Hoc|x64.Build.0 = Release|x64
		{27DCFB5D-01AB-4492-AFD2-EE7252BA2ED7}.Ad-Hoc|x64.Deploy.0 = Release|x64
		{27DCFB5D-01AB-4492-AFD2-EE7252BA2ED7}.Ad-Hoc|x86.ActiveCfg = Release|x86
		{27DCFB5D-01AB-4492-AFD2-EE7252BA2ED7}.Ad-Hoc|x86.Build.0 = Release|x86
		{27DCFB5D-01AB-4492-AFD2-EE7252BA2ED7}.Ad-Hoc|x86.Deploy.0 = Release|x86
		{27DCFB5D-01AB-4492-AFD2-EE7252BA2ED7}.AppStore|Any CPU.ActiveCfg = Release|x86
		{27DCFB5D-01AB-4492-AFD2-EE7252BA2ED7}.AppStore|Any CPU.Build.0 = Release|x86
		{27DCFB5D-01AB-4492-AFD2-EE7252BA2ED7}.AppStore|Any CPU.Deploy.0 = Release|x86
		{27DCFB5D-01AB-4492-AFD2-EE7252BA2ED7}.AppStore|ARM.ActiveCfg = Release|ARM
		{27DCFB5D-01AB-4492-AFD2-EE7252BA2ED7}.AppStore|ARM.Build.0 = Release|ARM
		{27DCFB5D-01AB-4492-AFD2-EE7252BA2ED7}.AppStore|ARM.Deploy.0 = Release|ARM
		{27DCFB5D-01AB-4492-AFD2-EE7252BA2ED7}.AppStore|iPhone.ActiveCfg = Release|x86
		{27DCFB5D-01AB-4492-AFD2-EE7252BA2ED7}.AppStore|iPhone.Build.0 = Release|x86
		{27DCFB5D-01AB-4492-AFD2-EE7252BA2ED7}.AppStore|iPhone.Deploy.0 = Release|x86
		{27DCFB5D-01AB-4492-AFD2-EE7252BA2ED7}.AppStore|iPhoneSimulator.ActiveCfg = Release|x86
		{27DCFB5D-01AB-4492-AFD2-EE7252BA2ED7}.AppStore|iPhoneSimulator.Build.0 = Release|x86
		{27DCFB5D-01AB-4492-AFD2-EE7252BA2ED7}.AppStore|iPhoneSimulator.Deploy.0 = Release|x86
		{27DCFB5D-01AB-4492-AFD2-EE7252BA2ED7}.AppStore|x64.ActiveCfg = Release|x64
		{27DCFB5D-01AB-4492-AFD2-EE7252BA2ED7}.AppStore|x64.Build.0 = Release|x64
		{27DCFB5D-01AB-4492-AFD2-EE7252BA2ED7}.AppStore|x64.Deploy.0 = Release|x64
		{27DCFB5D-01AB-4492-AFD2-EE7252BA2ED7}.AppStore|x86.ActiveCfg = Release|x86
		{27DCFB5D-01AB-4492-AFD2-EE7252BA2ED7}.AppStore|x86.Build.0 = Release|x86
		{27DCFB5D-01AB-4492-AFD2-EE7252BA2ED7}.AppStore|x86.Deploy.0 = Release|x86
		{27DCFB5D-01AB-4492-AFD2-EE7252BA2ED7}.Debug|Any CPU.ActiveCfg = Debug|x86
		{27DCFB5D-01AB-4492-AFD2-EE7252BA2ED7}.Debug|Any CPU.Build.0 = Debug|x86
		{27DCFB5D-01AB-4492-AFD2-EE7252BA2ED7}.Debug|Any CPU.Deploy.0 = Debug|x86
		{27DCFB5D-01AB-4492-AFD2-EE7252BA2ED7}.Debug|ARM.ActiveCfg = Debug|ARM
		{27DCFB5D-01AB-4492-AFD2-EE7252BA2ED7}.Debug|ARM.Build.0 = Debug|ARM
		{27DCFB5D-01AB-4492-AFD2-EE7252BA2ED7}.Debug|ARM.Deploy.0 = Debug|ARM
		{27DCFB5D-01AB-4492-AFD2-EE7252BA2ED7}.Debug|iPhone.ActiveCfg = Debug|x86
		{27DCFB5D-01AB-4492-AFD2-EE7252BA2ED7}.Debug|iPhone.Build.0 = Debug|x86
		{27DCFB5D-01AB-4492-AFD2-EE7252BA2ED7}.Debug|iPhone.Deploy.0 = Debug|x86
		{27DCFB5D-01AB-4492-AFD2-EE7252BA2ED7}.Debug|iPhoneSimulator.ActiveCfg = Debug|x86
		{27DCFB5D-01AB-4492-AFD2-EE7252BA2ED7}.Debug|iPhoneSimulator.Build.0 = Debug|x86
		{27DCFB5D-01AB-4492-AFD2-EE7252BA2ED7}.Debug|iPhoneSimulator.Deploy.0 = Debug|x86
		{27DCFB5D-01AB-4492-AFD2-EE7252BA2ED7}.Debug|x64.ActiveCfg = Debug|x64
		{27DCFB5D-01AB-4492-AFD2-EE7252BA2ED7}.Debug|x64.Build.0 = Debug|x64
		{27DCFB5D-01AB-4492-AFD2-EE7252BA2ED7}.Debug|x64.Deploy.0 = Debug|x64
		{27DCFB5D-01AB-4492-AFD2-EE7252BA2ED7}.Debug|x86.ActiveCfg = Debug|x86
		{27DCFB5D-01AB-4492-AFD2-EE7252BA2ED7}.Debug|x86.Build.0 = Debug|x86
		{27DCFB5D-01AB-4492-AFD2-EE7252BA2ED7}.Debug|x86.Deploy.0 = Debug|x86
		{27DCFB5D-01AB-4492-AFD2-EE7252BA2ED7}.Release|Any CPU.ActiveCfg = Release|x86
		{27DCFB5D-01AB-4492-AFD2-EE7252BA2ED7}.Release|Any CPU.Build.0 = Release|x86
		{27DCFB5D-01AB-4492-AFD2-EE7252BA2ED7}.Release|Any CPU.Deploy.0 = Release|x86
		{27DCFB5D-01AB-4492-AFD2-EE7252BA2ED7}.Release|ARM.ActiveCfg = Release|ARM
		{27DCFB5D-01AB-4492-AFD2-EE7252BA2ED7}.Release|ARM.Build.0 = Release|ARM
		{27DCFB5D-01AB-4492-AFD2-EE7252BA2ED7}.Release|ARM.Deploy.0 = Release|ARM
		{27DCFB5D-01AB-4492-AFD2-EE7252BA2ED7}.Release|iPhone.ActiveCfg = Release|x86
		{27DCFB5D-01AB-4492-AFD2-EE7252BA2ED7}.Release|iPhone.Build.0 = Release|x86
		{27DCFB5D-01AB-4492-AFD2-EE7252BA2ED7}.Release|iPhone.Deploy.0 = Release|x86
		{27DCFB5D-01AB-4492-AFD2-EE7252BA2ED7}.Release|iPhoneSimulator.ActiveCfg = Release|x86
		{27DCFB5D-01AB-4492-AFD2-EE7252BA2ED7}.Release|iPhoneSimulator.Build.0 = Release|x86
		{27DCFB5D-01AB-4492-AFD2-EE7252BA2ED7}.Release|iPhoneSimulator.Deploy.0 = Release|x86
		{27DCFB5D-01AB-4492-AFD2-EE7252BA2ED7}.Release|x64.ActiveCfg = Release|x64
		{27DCFB5D-01AB-4492-AFD2-EE7252BA2ED7}.Release|x64.Build.0 = Release|x64
		{27DCFB5D-01AB-4492-AFD2-EE7252BA2ED7}.Release|x64.Deploy.0 = Release|x64
		{27DCFB5D-01AB-4492-AFD2-EE7252BA2ED7}.Release|x86.ActiveCfg = Release|x86
		{27DCFB5D-01AB-4492-AFD2-EE7252BA2ED7}.Release|x86.Build.0 = Release|x86
		{27DCFB5D-01AB-4492-AFD2-EE7252BA2ED7}.Release|x86.Deploy.0 = Release|x86
		{191C6EB8-FCEF-4E5C-98E5-862A0555B2B4}.Ad-Hoc|Any CPU.ActiveCfg = Debug|Any CPU
		{191C6EB8-FCEF-4E5C-98E5-862A0555B2B4}.Ad-Hoc|Any CPU.Build.0 = Debug|Any CPU
		{191C6EB8-FCEF-4E5C-98E5-862A0555B2B4}.Ad-Hoc|Any CPU.Deploy.0 = Debug|Any CPU
		{191C6EB8-FCEF-4E5C-98E5-862A0555B2B4}.Ad-Hoc|ARM.ActiveCfg = Debug|Any CPU
		{191C6EB8-FCEF-4E5C-98E5-862A0555B2B4}.Ad-Hoc|ARM.Build.0 = Debug|Any CPU
		{191C6EB8-FCEF-4E5C-98E5-862A0555B2B4}.Ad-Hoc|ARM.Deploy.0 = Debug|Any CPU
		{191C6EB8-FCEF-4E5C-98E5-862A0555B2B4}.Ad-Hoc|iPhone.ActiveCfg = Debug|Any CPU
		{191C6EB8-FCEF-4E5C-98E5-862A0555B2B4}.Ad-Hoc|iPhone.Build.0 = Debug|Any CPU
		{191C6EB8-FCEF-4E5C-98E5-862A0555B2B4}.Ad-Hoc|iPhone.Deploy.0 = Debug|Any CPU
		{191C6EB8-FCEF-4E5C-98E5-862A0555B2B4}.Ad-Hoc|iPhoneSimulator.ActiveCfg = Debug|Any CPU
		{191C6EB8-FCEF-4E5C-98E5-862A0555B2B4}.Ad-Hoc|iPhoneSimulator.Build.0 = Debug|Any CPU
		{191C6EB8-FCEF-4E5C-98E5-862A0555B2B4}.Ad-Hoc|iPhoneSimulator.Deploy.0 = Debug|Any CPU
		{191C6EB8-FCEF-4E5C-98E5-862A0555B2B4}.Ad-Hoc|x64.ActiveCfg = Debug|Any CPU
		{191C6EB8-FCEF-4E5C-98E5-862A0555B2B4}.Ad-Hoc|x64.Build.0 = Debug|Any CPU
		{191C6EB8-FCEF-4E5C-98E5-862A0555B2B4}.Ad-Hoc|x64.Deploy.0 = Debug|Any CPU
		{191C6EB8-FCEF-4E5C-98E5-862A0555B2B4}.Ad-Hoc|x86.ActiveCfg = Debug|Any CPU
		{191C6EB8-FCEF-4E5C-98E5-862A0555B2B4}.Ad-Hoc|x86.Build.0 = Debug|Any CPU
		{191C6EB8-FCEF-4E5C-98E5-862A0555B2B4}.Ad-Hoc|x86.Deploy.0 = Debug|Any CPU
		{191C6EB8-FCEF-4E5C-98E5-862A0555B2B4}.AppStore|Any CPU.ActiveCfg = Debug|Any CPU
		{191C6EB8-FCEF-4E5C-98E5-862A0555B2B4}.AppStore|Any CPU.Build.0 = Debug|Any CPU
		{191C6EB8-FCEF-4E5C-98E5-862A0555B2B4}.AppStore|Any CPU.Deploy.0 = Debug|Any CPU
		{191C6EB8-FCEF-4E5C-98E5-862A0555B2B4}.AppStore|ARM.ActiveCfg = Debug|Any CPU
		{191C6EB8-FCEF-4E5C-98E5-862A0555B2B4}.AppStore|ARM.Build.0 = Debug|Any CPU
		{191C6EB8-FCEF-4E5C-98E5-862A0555B2B4}.AppStore|ARM.Deploy.0 = Debug|Any CPU
		{191C6EB8-FCEF-4E5C-98E5-862A0555B2B4}.AppStore|iPhone.ActiveCfg = Debug|Any CPU
		{191C6EB8-FCEF-4E5C-98E5-862A0555B2B4}.AppStore|iPhone.Build.0 = Debug|Any CPU
		{191C6EB8-FCEF-4E5C-98E5-862A0555B2B4}.AppStore|iPhone.Deploy.0 = Debug|Any CPU
		{191C6EB8-FCEF-4E5C-98E5-862A0555B2B4}.AppStore|iPhoneSimulator.ActiveCfg = Debug|Any CPU
		{191C6EB8-FCEF-4E5C-98E5-862A0555B2B4}.AppStore|iPhoneSimulator.Build.0 = Debug|Any CPU
		{191C6EB8-FCEF-4E5C-98E5-862A0555B2B4}.AppStore|iPhoneSimulator.Deploy.0 = Debug|Any CPU
		{191C6EB8-FCEF-4E5C-98E5-862A0555B2B4}.AppStore|x64.ActiveCfg = Debug|Any CPU
		{191C6EB8-FCEF-4E5C-98E5-862A0555B2B4}.AppStore|x64.Build.0 = Debug|Any CPU
		{191C6EB8-FCEF-4E5C-98E5-862A0555B2B4}.AppStore|x64.Deploy.0 = Debug|Any CPU
		{191C6EB8-FCEF-4E5C-98E5-862A0555B2B4}.AppStore|x86.ActiveCfg = Debug|Any CPU
		{191C6EB8-FCEF-4E5C-98E5-862A0555B2B4}.AppStore|x86.Build.0 = Debug|Any CPU
		{191C6EB8-FCEF-4E5C-98E5-862A0555B2B4}.AppStore|x86.Deploy.0 = Debug|Any CPU
		{191C6EB8-FCEF-4E5C-98E5-862A0555B2B4}.Debug|Any CPU.ActiveCfg = Debug|Any CPU
		{191C6EB8-FCEF-4E5C-98E5-862A0555B2B4}.Debug|Any CPU.Build.0 = Debug|Any CPU
		{191C6EB8-FCEF-4E5C-98E5-862A0555B2B4}.Debug|Any CPU.Deploy.0 = Debug|Any CPU
		{191C6EB8-FCEF-4E5C-98E5-862A0555B2B4}.Debug|ARM.ActiveCfg = Debug|Any CPU
		{191C6EB8-FCEF-4E5C-98E5-862A0555B2B4}.Debug|ARM.Build.0 = Debug|Any CPU
		{191C6EB8-FCEF-4E5C-98E5-862A0555B2B4}.Debug|ARM.Deploy.0 = Debug|Any CPU
		{191C6EB8-FCEF-4E5C-98E5-862A0555B2B4}.Debug|iPhone.ActiveCfg = Debug|Any CPU
		{191C6EB8-FCEF-4E5C-98E5-862A0555B2B4}.Debug|iPhone.Build.0 = Debug|Any CPU
		{191C6EB8-FCEF-4E5C-98E5-862A0555B2B4}.Debug|iPhone.Deploy.0 = Debug|Any CPU
		{191C6EB8-FCEF-4E5C-98E5-862A0555B2B4}.Debug|iPhoneSimulator.ActiveCfg = Debug|Any CPU
		{191C6EB8-FCEF-4E5C-98E5-862A0555B2B4}.Debug|iPhoneSimulator.Build.0 = Debug|Any CPU
		{191C6EB8-FCEF-4E5C-98E5-862A0555B2B4}.Debug|iPhoneSimulator.Deploy.0 = Debug|Any CPU
		{191C6EB8-FCEF-4E5C-98E5-862A0555B2B4}.Debug|x64.ActiveCfg = Debug|Any CPU
		{191C6EB8-FCEF-4E5C-98E5-862A0555B2B4}.Debug|x64.Build.0 = Debug|Any CPU
		{191C6EB8-FCEF-4E5C-98E5-862A0555B2B4}.Debug|x64.Deploy.0 = Debug|Any CPU
		{191C6EB8-FCEF-4E5C-98E5-862A0555B2B4}.Debug|x86.ActiveCfg = Debug|Any CPU
		{191C6EB8-FCEF-4E5C-98E5-862A0555B2B4}.Debug|x86.Build.0 = Debug|Any CPU
		{191C6EB8-FCEF-4E5C-98E5-862A0555B2B4}.Debug|x86.Deploy.0 = Debug|Any CPU
		{191C6EB8-FCEF-4E5C-98E5-862A0555B2B4}.Release|Any CPU.ActiveCfg = Release|Any CPU
		{191C6EB8-FCEF-4E5C-98E5-862A0555B2B4}.Release|Any CPU.Build.0 = Release|Any CPU
		{191C6EB8-FCEF-4E5C-98E5-862A0555B2B4}.Release|Any CPU.Deploy.0 = Release|Any CPU
		{191C6EB8-FCEF-4E5C-98E5-862A0555B2B4}.Release|ARM.ActiveCfg = Release|Any CPU
		{191C6EB8-FCEF-4E5C-98E5-862A0555B2B4}.Release|ARM.Build.0 = Release|Any CPU
		{191C6EB8-FCEF-4E5C-98E5-862A0555B2B4}.Release|ARM.Deploy.0 = Release|Any CPU
		{191C6EB8-FCEF-4E5C-98E5-862A0555B2B4}.Release|iPhone.ActiveCfg = Release|Any CPU
		{191C6EB8-FCEF-4E5C-98E5-862A0555B2B4}.Release|iPhone.Build.0 = Release|Any CPU
		{191C6EB8-FCEF-4E5C-98E5-862A0555B2B4}.Release|iPhone.Deploy.0 = Release|Any CPU
		{191C6EB8-FCEF-4E5C-98E5-862A0555B2B4}.Release|iPhoneSimulator.ActiveCfg = Release|Any CPU
		{191C6EB8-FCEF-4E5C-98E5-862A0555B2B4}.Release|iPhoneSimulator.Build.0 = Release|Any CPU
		{191C6EB8-FCEF-4E5C-98E5-862A0555B2B4}.Release|iPhoneSimulator.Deploy.0 = Release|Any CPU
		{191C6EB8-FCEF-4E5C-98E5-862A0555B2B4}.Release|x64.ActiveCfg = Release|Any CPU
		{191C6EB8-FCEF-4E5C-98E5-862A0555B2B4}.Release|x64.Build.0 = Release|Any CPU
		{191C6EB8-FCEF-4E5C-98E5-862A0555B2B4}.Release|x64.Deploy.0 = Release|Any CPU
		{191C6EB8-FCEF-4E5C-98E5-862A0555B2B4}.Release|x86.ActiveCfg = Release|Any CPU
		{191C6EB8-FCEF-4E5C-98E5-862A0555B2B4}.Release|x86.Build.0 = Release|Any CPU
		{191C6EB8-FCEF-4E5C-98E5-862A0555B2B4}.Release|x86.Deploy.0 = Release|Any CPU
	EndGlobalSection
	GlobalSection(SolutionProperties) = preSolution
		HideSolutionNode = FALSE
	EndGlobalSection
	GlobalSection(ExtensibilityGlobals) = postSolution
		SolutionGuid = {6E3D1486-A7E2-42E6-AB28-22A9A616FB98}
	EndGlobalSection
EndGlobal
